// !$*UTF8*$!
{
	archiveVersion = 1;
	classes = {
	};
	objectVersion = 50;
	objects = {

/* Begin PBXBuildFile section */
		381BB2C32553AB05001CE036 /* AppDelegate.swift in Sources */ = {isa = PBXBuildFile; fileRef = 381BB2C22553AB05001CE036 /* AppDelegate.swift */; };
		381BB2C52553AB05001CE036 /* SceneDelegate.swift in Sources */ = {isa = PBXBuildFile; fileRef = 381BB2C42553AB05001CE036 /* SceneDelegate.swift */; };
		381BB2C72553AB05001CE036 /* ViewController.swift in Sources */ = {isa = PBXBuildFile; fileRef = 381BB2C62553AB05001CE036 /* ViewController.swift */; };
		381BB2CA2553AB05001CE036 /* Main.storyboard in Resources */ = {isa = PBXBuildFile; fileRef = 381BB2C82553AB05001CE036 /* Main.storyboard */; };
		381BB2CC2553AB06001CE036 /* Assets.xcassets in Resources */ = {isa = PBXBuildFile; fileRef = 381BB2CB2553AB06001CE036 /* Assets.xcassets */; };
		381BB2CF2553AB06001CE036 /* LaunchScreen.storyboard in Resources */ = {isa = PBXBuildFile; fileRef = 381BB2CD2553AB06001CE036 /* LaunchScreen.storyboard */; };
		63746780386A9015D3A53839 /* Pods_IOT_Subscriber.framework in Frameworks */ = {isa = PBXBuildFile; fileRef = 5DD682BCB5F3FAA91511858B /* Pods_IOT_Subscriber.framework */; };
/* End PBXBuildFile section */

/* Begin PBXFileReference section */
		381BB2BF2553AB05001CE036 /* IOT-Subscriber.app */ = {isa = PBXFileReference; explicitFileType = wrapper.application; includeInIndex = 0; path = "IOT-Subscriber.app"; sourceTree = BUILT_PRODUCTS_DIR; };
		381BB2C22553AB05001CE036 /* AppDelegate.swift */ = {isa = PBXFileReference; lastKnownFileType = sourcecode.swift; path = AppDelegate.swift; sourceTree = "<group>"; };
		381BB2C42553AB05001CE036 /* SceneDelegate.swift */ = {isa = PBXFileReference; lastKnownFileType = sourcecode.swift; path = SceneDelegate.swift; sourceTree = "<group>"; };
		381BB2C62553AB05001CE036 /* ViewController.swift */ = {isa = PBXFileReference; lastKnownFileType = sourcecode.swift; path = ViewController.swift; sourceTree = "<group>"; };
		381BB2C92553AB05001CE036 /* Base */ = {isa = PBXFileReference; lastKnownFileType = file.storyboard; name = Base; path = Base.lproj/Main.storyboard; sourceTree = "<group>"; };
		381BB2CB2553AB06001CE036 /* Assets.xcassets */ = {isa = PBXFileReference; lastKnownFileType = folder.assetcatalog; path = Assets.xcassets; sourceTree = "<group>"; };
		381BB2CE2553AB06001CE036 /* Base */ = {isa = PBXFileReference; lastKnownFileType = file.storyboard; name = Base; path = Base.lproj/LaunchScreen.storyboard; sourceTree = "<group>"; };
		381BB2D02553AB06001CE036 /* Info.plist */ = {isa = PBXFileReference; lastKnownFileType = text.plist.xml; path = Info.plist; sourceTree = "<group>"; };
		5DD682BCB5F3FAA91511858B /* Pods_IOT_Subscriber.framework */ = {isa = PBXFileReference; explicitFileType = wrapper.framework; includeInIndex = 0; path = Pods_IOT_Subscriber.framework; sourceTree = BUILT_PRODUCTS_DIR; };
		6ADD2AB4BC1CC1EB58C99336 /* Pods-IOT-Subscriber.release.xcconfig */ = {isa = PBXFileReference; includeInIndex = 1; lastKnownFileType = text.xcconfig; name = "Pods-IOT-Subscriber.release.xcconfig"; path = "Target Support Files/Pods-IOT-Subscriber/Pods-IOT-Subscriber.release.xcconfig"; sourceTree = "<group>"; };
		D3D93D70AA777CF577624245 /* Pods-IOT-Subscriber.debug.xcconfig */ = {isa = PBXFileReference; includeInIndex = 1; lastKnownFileType = text.xcconfig; name = "Pods-IOT-Subscriber.debug.xcconfig"; path = "Target Support Files/Pods-IOT-Subscriber/Pods-IOT-Subscriber.debug.xcconfig"; sourceTree = "<group>"; };
/* End PBXFileReference section */

/* Begin PBXFrameworksBuildPhase section */
		381BB2BC2553AB05001CE036 /* Frameworks */ = {
			isa = PBXFrameworksBuildPhase;
			buildActionMask = 2147483647;
			files = (
				63746780386A9015D3A53839 /* Pods_IOT_Subscriber.framework in Frameworks */,
			);
			runOnlyForDeploymentPostprocessing = 0;
		};
/* End PBXFrameworksBuildPhase section */

/* Begin PBXGroup section */
		381BB2B62553AB05001CE036 = {
			isa = PBXGroup;
			children = (
				381BB2C12553AB05001CE036 /* IOT-Subscriber */,
				381BB2C02553AB05001CE036 /* Products */,
				7962982BEF2037756C77D563 /* Pods */,
				950B8926C7A0B70E5961266A /* Frameworks */,
			);
			sourceTree = "<group>";
		};
		381BB2C02553AB05001CE036 /* Products */ = {
			isa = PBXGroup;
			children = (
				381BB2BF2553AB05001CE036 /* IOT-Subscriber.app */,
			);
			name = Products;
			sourceTree = "<group>";
		};
		381BB2C12553AB05001CE036 /* IOT-Subscriber */ = {
			isa = PBXGroup;
			children = (
				381BB2C22553AB05001CE036 /* AppDelegate.swift */,
				381BB2C42553AB05001CE036 /* SceneDelegate.swift */,
				381BB2C62553AB05001CE036 /* ViewController.swift */,
				381BB2C82553AB05001CE036 /* Main.storyboard */,
				381BB2CB2553AB06001CE036 /* Assets.xcassets */,
				381BB2CD2553AB06001CE036 /* LaunchScreen.storyboard */,
				381BB2D02553AB06001CE036 /* Info.plist */,
			);
			path = "IOT-Subscriber";
			sourceTree = "<group>";
		};
		7962982BEF2037756C77D563 /* Pods */ = {
			isa = PBXGroup;
			children = (
				D3D93D70AA777CF577624245 /* Pods-IOT-Subscriber.debug.xcconfig */,
				6ADD2AB4BC1CC1EB58C99336 /* Pods-IOT-Subscriber.release.xcconfig */,
			);
			name = Pods;
			path = Pods;
			sourceTree = "<group>";
		};
		950B8926C7A0B70E5961266A /* Frameworks */ = {
			isa = PBXGroup;
			children = (
				5DD682BCB5F3FAA91511858B /* Pods_IOT_Subscriber.framework */,
			);
			name = Frameworks;
			sourceTree = "<group>";
		};
/* End PBXGroup section */

/* Begin PBXNativeTarget section */
		381BB2BE2553AB05001CE036 /* IOT-Subscriber */ = {
			isa = PBXNativeTarget;
			buildConfigurationList = 381BB2D32553AB06001CE036 /* Build configuration list for PBXNativeTarget "IOT-Subscriber" */;
			buildPhases = (
				FE7207C4490487B0F31350F7 /* [CP] Check Pods Manifest.lock */,
				381BB2BB2553AB05001CE036 /* Sources */,
				381BB2BC2553AB05001CE036 /* Frameworks */,
				381BB2BD2553AB05001CE036 /* Resources */,
				F5CCF6C93ABCA5CFC3418774 /* [CP] Embed Pods Frameworks */,
			);
			buildRules = (
			);
			dependencies = (
			);
			name = "IOT-Subscriber";
			productName = "IOT-Subscriber";
			productReference = 381BB2BF2553AB05001CE036 /* IOT-Subscriber.app */;
			productType = "com.apple.product-type.application";
		};
/* End PBXNativeTarget section */

/* Begin PBXProject section */
		381BB2B72553AB05001CE036 /* Project object */ = {
			isa = PBXProject;
			attributes = {
				LastSwiftUpdateCheck = 1200;
				LastUpgradeCheck = 1200;
				TargetAttributes = {
					381BB2BE2553AB05001CE036 = {
						CreatedOnToolsVersion = 12.0;
					};
				};
			};
			buildConfigurationList = 381BB2BA2553AB05001CE036 /* Build configuration list for PBXProject "IOT-Subscriber" */;
			compatibilityVersion = "Xcode 9.3";
			developmentRegion = en;
			hasScannedForEncodings = 0;
			knownRegions = (
				en,
				Base,
			);
			mainGroup = 381BB2B62553AB05001CE036;
			productRefGroup = 381BB2C02553AB05001CE036 /* Products */;
			projectDirPath = "";
			projectRoot = "";
			targets = (
				381BB2BE2553AB05001CE036 /* IOT-Subscriber */,
			);
		};
/* End PBXProject section */

/* Begin PBXResourcesBuildPhase section */
		381BB2BD2553AB05001CE036 /* Resources */ = {
			isa = PBXResourcesBuildPhase;
			buildActionMask = 2147483647;
			files = (
				381BB2CF2553AB06001CE036 /* LaunchScreen.storyboard in Resources */,
				381BB2CC2553AB06001CE036 /* Assets.xcassets in Resources */,
				381BB2CA2553AB05001CE036 /* Main.storyboard in Resources */,
			);
			runOnlyForDeploymentPostprocessing = 0;
		};
/* End PBXResourcesBuildPhase section */

/* Begin PBXShellScriptBuildPhase section */
		F5CCF6C93ABCA5CFC3418774 /* [CP] Embed Pods Frameworks */ = {
			isa = PBXShellScriptBuildPhase;
			buildActionMask = 2147483647;
			files = (
			);
			inputFileListPaths = (
				"${PODS_ROOT}/Target Support Files/Pods-IOT-Subscriber/Pods-IOT-Subscriber-frameworks-${CONFIGURATION}-input-files.xcfilelist",
			);
			name = "[CP] Embed Pods Frameworks";
			outputFileListPaths = (
				"${PODS_ROOT}/Target Support Files/Pods-IOT-Subscriber/Pods-IOT-Subscriber-frameworks-${CONFIGURATION}-output-files.xcfilelist",
			);
			runOnlyForDeploymentPostprocessing = 0;
			shellPath = /bin/sh;
			shellScript = "\"${PODS_ROOT}/Target Support Files/Pods-IOT-Subscriber/Pods-IOT-Subscriber-frameworks.sh\"\n";
			showEnvVarsInLog = 0;
		};
		FE7207C4490487B0F31350F7 /* [CP] Check Pods Manifest.lock */ = {
			isa = PBXShellScriptBuildPhase;
			buildActionMask = 2147483647;
			files = (
			);
			inputFileListPaths = (
			);
			inputPaths = (
				"${PODS_PODFILE_DIR_PATH}/Podfile.lock",
				"${PODS_ROOT}/Manifest.lock",
			);
			name = "[CP] Check Pods Manifest.lock";
			outputFileListPaths = (
			);
			outputPaths = (
				"$(DERIVED_FILE_DIR)/Pods-IOT-Subscriber-checkManifestLockResult.txt",
			);
			runOnlyForDeploymentPostprocessing = 0;
			shellPath = /bin/sh;
			shellScript = "diff \"${PODS_PODFILE_DIR_PATH}/Podfile.lock\" \"${PODS_ROOT}/Manifest.lock\" > /dev/null\nif [ $? != 0 ] ; then\n    # print error to STDERR\n    echo \"error: The sandbox is not in sync with the Podfile.lock. Run 'pod install' or update your CocoaPods installation.\" >&2\n    exit 1\nfi\n# This output is used by Xcode 'outputs' to avoid re-running this script phase.\necho \"SUCCESS\" > \"${SCRIPT_OUTPUT_FILE_0}\"\n";
			showEnvVarsInLog = 0;
		};
/* End PBXShellScriptBuildPhase section */

/* Begin PBXSourcesBuildPhase section */
		381BB2BB2553AB05001CE036 /* Sources */ = {
			isa = PBXSourcesBuildPhase;
			buildActionMask = 2147483647;
			files = (
				381BB2C72553AB05001CE036 /* ViewController.swift in Sources */,
				381BB2C32553AB05001CE036 /* AppDelegate.swift in Sources */,
				381BB2C52553AB05001CE036 /* SceneDelegate.swift in Sources */,
			);
			runOnlyForDeploymentPostprocessing = 0;
		};
/* End PBXSourcesBuildPhase section */

/* Begin PBXVariantGroup section */
		381BB2C82553AB05001CE036 /* Main.storyboard */ = {
			isa = PBXVariantGroup;
			children = (
				381BB2C92553AB05001CE036 /* Base */,
			);
			name = Main.storyboard;
			sourceTree = "<group>";
		};
		381BB2CD2553AB06001CE036 /* LaunchScreen.storyboard */ = {
			isa = PBXVariantGroup;
			children = (
				381BB2CE2553AB06001CE036 /* Base */,
			);
			name = LaunchScreen.storyboard;
			sourceTree = "<group>";
		};
/* End PBXVariantGroup section */

/* Begin XCBuildConfiguration section */
		381BB2D12553AB06001CE036 /* Debug */ = {
			isa = XCBuildConfiguration;
			buildSettings = {
				ALWAYS_SEARCH_USER_PATHS = NO;
				CLANG_ANALYZER_NONNULL = YES;
				CLANG_ANALYZER_NUMBER_OBJECT_CONVERSION = YES_AGGRESSIVE;
				CLANG_CXX_LANGUAGE_STANDARD = "gnu++14";
				CLANG_CXX_LIBRARY = "libc++";
				CLANG_ENABLE_MODULES = YES;
				CLANG_ENABLE_OBJC_ARC = YES;
				CLANG_ENABLE_OBJC_WEAK = YES;
				CLANG_WARN_BLOCK_CAPTURE_AUTORELEASING = YES;
				CLANG_WARN_BOOL_CONVERSION = YES;
				CLANG_WARN_COMMA = YES;
				CLANG_WARN_CONSTANT_CONVERSION = YES;
				CLANG_WARN_DEPRECATED_OBJC_IMPLEMENTATIONS = YES;
				CLANG_WARN_DIRECT_OBJC_ISA_USAGE = YES_ERROR;
				CLANG_WARN_DOCUMENTATION_COMMENTS = YES;
				CLANG_WARN_EMPTY_BODY = YES;
				CLANG_WARN_ENUM_CONVERSION = YES;
				CLANG_WARN_INFINITE_RECURSION = YES;
				CLANG_WARN_INT_CONVERSION = YES;
				CLANG_WARN_NON_LITERAL_NULL_CONVERSION = YES;
				CLANG_WARN_OBJC_IMPLICIT_RETAIN_SELF = YES;
				CLANG_WARN_OBJC_LITERAL_CONVERSION = YES;
				CLANG_WARN_OBJC_ROOT_CLASS = YES_ERROR;
				CLANG_WARN_QUOTED_INCLUDE_IN_FRAMEWORK_HEADER = YES;
				CLANG_WARN_RANGE_LOOP_ANALYSIS = YES;
				CLANG_WARN_STRICT_PROTOTYPES = YES;
				CLANG_WARN_SUSPICIOUS_MOVE = YES;
				CLANG_WARN_UNGUARDED_AVAILABILITY = YES_AGGRESSIVE;
				CLANG_WARN_UNREACHABLE_CODE = YES;
				CLANG_WARN__DUPLICATE_METHOD_MATCH = YES;
				COPY_PHASE_STRIP = NO;
				DEBUG_INFORMATION_FORMAT = dwarf;
				ENABLE_STRICT_OBJC_MSGSEND = YES;
				ENABLE_TESTABILITY = YES;
				GCC_C_LANGUAGE_STANDARD = gnu11;
				GCC_DYNAMIC_NO_PIC = NO;
				GCC_NO_COMMON_BLOCKS = YES;
				GCC_OPTIMIZATION_LEVEL = 0;
				GCC_PREPROCESSOR_DEFINITIONS = (
					"DEBUG=1",
					"$(inherited)",
				);
				GCC_WARN_64_TO_32_BIT_CONVERSION = YES;
				GCC_WARN_ABOUT_RETURN_TYPE = YES_ERROR;
				GCC_WARN_UNDECLARED_SELECTOR = YES;
				GCC_WARN_UNINITIALIZED_AUTOS = YES_AGGRESSIVE;
				GCC_WARN_UNUSED_FUNCTION = YES;
				GCC_WARN_UNUSED_VARIABLE = YES;
				IPHONEOS_DEPLOYMENT_TARGET = 14.0;
				MTL_ENABLE_DEBUG_INFO = INCLUDE_SOURCE;
				MTL_FAST_MATH = YES;
				ONLY_ACTIVE_ARCH = YES;
				SDKROOT = iphoneos;
				SWIFT_ACTIVE_COMPILATION_CONDITIONS = DEBUG;
				SWIFT_OPTIMIZATION_LEVEL = "-Onone";
			};
			name = Debug;
		};
		381BB2D22553AB06001CE036 /* Release */ = {
			isa = XCBuildConfiguration;
			buildSettings = {
				ALWAYS_SEARCH_USER_PATHS = NO;
				CLANG_ANALYZER_NONNULL = YES;
				CLANG_ANALYZER_NUMBER_OBJECT_CONVERSION = YES_AGGRESSIVE;
				CLANG_CXX_LANGUAGE_STANDARD = "gnu++14";
				CLANG_CXX_LIBRARY = "libc++";
				CLANG_ENABLE_MODULES = YES;
				CLANG_ENABLE_OBJC_ARC = YES;
				CLANG_ENABLE_OBJC_WEAK = YES;
				CLANG_WARN_BLOCK_CAPTURE_AUTORELEASING = YES;
				CLANG_WARN_BOOL_CONVERSION = YES;
				CLANG_WARN_COMMA = YES;
				CLANG_WARN_CONSTANT_CONVERSION = YES;
				CLANG_WARN_DEPRECATED_OBJC_IMPLEMENTATIONS = YES;
				CLANG_WARN_DIRECT_OBJC_ISA_USAGE = YES_ERROR;
				CLANG_WARN_DOCUMENTATION_COMMENTS = YES;
				CLANG_WARN_EMPTY_BODY = YES;
				CLANG_WARN_ENUM_CONVERSION = YES;
				CLANG_WARN_INFINITE_RECURSION = YES;
				CLANG_WARN_INT_CONVERSION = YES;
				CLANG_WARN_NON_LITERAL_NULL_CONVERSION = YES;
				CLANG_WARN_OBJC_IMPLICIT_RETAIN_SELF = YES;
				CLANG_WARN_OBJC_LITERAL_CONVERSION = YES;
				CLANG_WARN_OBJC_ROOT_CLASS = YES_ERROR;
				CLANG_WARN_QUOTED_INCLUDE_IN_FRAMEWORK_HEADER = YES;
				CLANG_WARN_RANGE_LOOP_ANALYSIS = YES;
				CLANG_WARN_STRICT_PROTOTYPES = YES;
				CLANG_WARN_SUSPICIOUS_MOVE = YES;
				CLANG_WARN_UNGUARDED_AVAILABILITY = YES_AGGRESSIVE;
				CLANG_WARN_UNREACHABLE_CODE = YES;
				CLANG_WARN__DUPLICATE_METHOD_MATCH = YES;
				COPY_PHASE_STRIP = NO;
				DEBUG_INFORMATION_FORMAT = "dwarf-with-dsym";
				ENABLE_NS_ASSERTIONS = NO;
				ENABLE_STRICT_OBJC_MSGSEND = YES;
				GCC_C_LANGUAGE_STANDARD = gnu11;
				GCC_NO_COMMON_BLOCKS = YES;
				GCC_WARN_64_TO_32_BIT_CONVERSION = YES;
				GCC_WARN_ABOUT_RETURN_TYPE = YES_ERROR;
				GCC_WARN_UNDECLARED_SELECTOR = YES;
				GCC_WARN_UNINITIALIZED_AUTOS = YES_AGGRESSIVE;
				GCC_WARN_UNUSED_FUNCTION = YES;
				GCC_WARN_UNUSED_VARIABLE = YES;
				IPHONEOS_DEPLOYMENT_TARGET = 14.0;
				MTL_ENABLE_DEBUG_INFO = NO;
				MTL_FAST_MATH = YES;
				SDKROOT = iphoneos;
				SWIFT_COMPILATION_MODE = wholemodule;
				SWIFT_OPTIMIZATION_LEVEL = "-O";
				VALIDATE_PRODUCT = YES;
			};
			name = Release;
		};
		381BB2D42553AB06001CE036 /* Debug */ = {
			isa = XCBuildConfiguration;
			baseConfigurationReference = D3D93D70AA777CF577624245 /* Pods-IOT-Subscriber.debug.xcconfig */;
			buildSettings = {
				ASSETCATALOG_COMPILER_APPICON_NAME = AppIcon;
				ASSETCATALOG_COMPILER_GLOBAL_ACCENT_COLOR_NAME = AccentColor;
				CODE_SIGN_STYLE = Automatic;
				DEVELOPMENT_TEAM = H574TJ3JKS;
				INFOPLIST_FILE = "IOT-Subscriber/Info.plist";
				LD_RUNPATH_SEARCH_PATHS = (
					"$(inherited)",
					"@executable_path/Frameworks",
				);
				PRODUCT_BUNDLE_IDENTIFIER = "com.adolphopiazza.IOT-Subscriber";
				PRODUCT_NAME = "$(TARGET_NAME)";
				SWIFT_VERSION = 5.0;
				TARGETED_DEVICE_FAMILY = 1;
			};
			name = Debug;
		};
		381BB2D52553AB06001CE036 /* Release */ = {
			isa = XCBuildConfiguration;
			baseConfigurationReference = 6ADD2AB4BC1CC1EB58C99336 /* Pods-IOT-Subscriber.release.xcconfig */;
			buildSettings = {
				ASSETCATALOG_COMPILER_APPICON_NAME = AppIcon;
				ASSETCATALOG_COMPILER_GLOBAL_ACCENT_COLOR_NAME = AccentColor;
				CODE_SIGN_STYLE = Automatic;
				DEVELOPMENT_TEAM = H574TJ3JKS;
				INFOPLIST_FILE = "IOT-Subscriber/Info.plist";
				LD_RUNPATH_SEARCH_PATHS = (
					"$(inherited)",
					"@executable_path/Frameworks",
				);
				PRODUCT_BUNDLE_IDENTIFIER = "com.adolphopiazza.IOT-Subscriber";
				PRODUCT_NAME = "$(TARGET_NAME)";
				SWIFT_VERSION = 5.0;
				TARGETED_DEVICE_FAMILY = 1;
			};
			name = Release;
		};
/* End XCBuildConfiguration section */

/* Begin XCConfigurationList section */
		381BB2BA2553AB05001CE036 /* Build configuration list for PBXProject "IOT-Subscriber" */ = {
			isa = XCConfigurationList;
			buildConfigurations = (
				381BB2D12553AB06001CE036 /* Debug */,
				381BB2D22553AB06001CE036 /* Release */,
			);
			defaultConfigurationIsVisible = 0;
			defaultConfigurationName = Release;
		};
		381BB2D32553AB06001CE036 /* Build configuration list for PBXNativeTarget "IOT-Subscriber" */ = {
			isa = XCConfigurationList;
			buildConfigurations = (
				381BB2D42553AB06001CE036 /* Debug */,
				381BB2D52553AB06001CE036 /* Release */,
			);
			defaultConfigurationIsVisible = 0;
			defaultConfigurationName = Release;
		};
/* End XCConfigurationList section */
	};
	rootObject = 381BB2B72553AB05001CE036 /* Project object */;
}
